
Microsoft Visual Studio Solution File, Format Version 12.00
# Visual Studio Version 17
VisualStudioVersion = 17.3.32901.215
MinimumVisualStudioVersion = 10.0.40219.1
Project("{9A19103F-16F7-4668-BE54-9A1E7A4F7556}") = "HalfDegreeApi", "HalfDegreeApi.csproj", "{F36259E2-5E21-4B2C-8BD8-6364B2FB8826}"
EndProject
Project("{FAE04EC0-301F-11D3-BF4B-00C04F79EFBC}") = "BihariJe_WebApp", "..\BihariJe_WebApp\BihariJe_WebApp.csproj", "{6C69132B-BC87-4045-84B0-EA6B80469EA8}"
EndProject
Global
	GlobalSection(SolutionConfigurationPlatforms) = preSolution
		Debug|Any CPU = Debug|Any CPU
		Release|Any CPU = Release|Any CPU
	EndGlobalSection
	GlobalSection(ProjectConfigurationPlatforms) = postSolution
		{F36259E2-5E21-4B2C-8BD8-6364B2FB8826}.Debug|Any CPU.ActiveCfg = Debug|Any CPU
		{F36259E2-5E21-4B2C-8BD8-6364B2FB8826}.Debug|Any CPU.Build.0 = Debug|Any CPU
		{F36259E2-5E21-4B2C-8BD8-6364B2FB8826}.Release|Any CPU.ActiveCfg = Release|Any CPU
		{F36259E2-5E21-4B2C-8BD8-6364B2FB8826}.Release|Any CPU.Build.0 = Release|Any CPU
		{6C69132B-BC87-4045-84B0-EA6B80469EA8}.Debug|Any CPU.ActiveCfg = Debug|Any CPU
		{6C69132B-BC87-4045-84B0-EA6B80469EA8}.Debug|Any CPU.Build.0 = Debug|Any CPU
		{6C69132B-BC87-4045-84B0-EA6B80469EA8}.Release|Any CPU.ActiveCfg = Release|Any CPU
		{6C69132B-BC87-4045-84B0-EA6B80469EA8}.Release|Any CPU.Build.0 = Release|Any CPU
	EndGlobalSection
	GlobalSection(SolutionProperties) = preSolution
		HideSolutionNode = FALSE
	EndGlobalSection
	GlobalSection(ExtensibilityGlobals) = postSolution
		SolutionGuid = {79C9F025-1C63-4DA9-946A-EDC5477AEFD9}
	EndGlobalSection
EndGlobal
